// !$*UTF8*$!
{
	archiveVersion = 1;
	classes = {
	};
	objectVersion = 77;
	objects = {

/* Begin PBXBuildFile section */
		657F65922F3A2ADB00C7005A /* ArcBoxClient in Frameworks */ = {isa = PBXBuildFile; productRef = 657F65912F3A2ADB00C7005A /* ArcBoxClient */; };
		65D867ED2F5C228600DAAEE6 /* Sparkle in Frameworks */ = {isa = PBXBuildFile; productRef = 65D867EC2F5C228600DAAEE6 /* Sparkle */; };
		AB0D00022F60000000000001 /* io.arcbox.desktop.daemon.plist in Copy LaunchDaemon Plist */ = {isa = PBXBuildFile; fileRef = AB0D00012F60000000000001 /* io.arcbox.desktop.daemon.plist */; };
		DC0A11012F4E000000000001 /* DockerClient in Frameworks */ = {isa = PBXBuildFile; productRef = DC0A11002F4E000000000001 /* DockerClient */; };
		DC0B11012F4E000000000001 /* SwiftTerm in Frameworks */ = {isa = PBXBuildFile; productRef = DC0B11002F4E000000000001 /* SwiftTerm */; };
/* End PBXBuildFile section */

/* Begin PBXCopyFilesBuildPhase section */
		AB0D00042F60000000000001 /* Copy LaunchDaemon Plist */ = {
			isa = PBXCopyFilesBuildPhase;
			buildActionMask = 2147483647;
			dstPath = Contents/Library/LaunchAgents;
			dstSubfolderSpec = 1;
			files = (
				AB0D00022F60000000000001 /* io.arcbox.desktop.daemon.plist in Copy LaunchDaemon Plist */,
			);
			name = "Copy LaunchDaemon Plist";
			runOnlyForDeploymentPostprocessing = 0;
		};
/* End PBXCopyFilesBuildPhase section */

/* Begin PBXFileReference section */
		657F657B2F3A2ADB00C7005A /* ArcBox Desktop.app */ = {isa = PBXFileReference; explicitFileType = wrapper.application; includeInIndex = 0; path = "ArcBox Desktop.app"; sourceTree = BUILT_PRODUCTS_DIR; };
		657F65A02F3A2ADB00C7005A /* Local.xcconfig */ = {isa = PBXFileReference; lastKnownFileType = text.xcconfig; path = Local.xcconfig; sourceTree = "<group>"; };
		AB0D00012F60000000000001 /* io.arcbox.desktop.daemon.plist */ = {isa = PBXFileReference; lastKnownFileType = text.plist.xml; path = io.arcbox.desktop.daemon.plist; sourceTree = "<group>"; };
/* End PBXFileReference section */

/* Begin PBXFileSystemSynchronizedRootGroup section */
		657F657D2F3A2ADB00C7005A /* arcbox-desktop-swift */ = {
			isa = PBXFileSystemSynchronizedRootGroup;
			path = "arcbox-desktop-swift";
			sourceTree = "<group>";
		};
/* End PBXFileSystemSynchronizedRootGroup section */

/* Begin PBXFrameworksBuildPhase section */
		657F65782F3A2ADB00C7005A /* Frameworks */ = {
			isa = PBXFrameworksBuildPhase;
			buildActionMask = 2147483647;
			files = (
				657F65922F3A2ADB00C7005A /* ArcBoxClient in Frameworks */,
				65D867ED2F5C228600DAAEE6 /* Sparkle in Frameworks */,
				DC0A11012F4E000000000001 /* DockerClient in Frameworks */,
				DC0B11012F4E000000000001 /* SwiftTerm in Frameworks */,
			);
			runOnlyForDeploymentPostprocessing = 0;
		};
/* End PBXFrameworksBuildPhase section */

/* Begin PBXGroup section */
		657F65722F3A2ADB00C7005A = {
			isa = PBXGroup;
			children = (
				657F65A02F3A2ADB00C7005A /* Local.xcconfig */,
				657F657D2F3A2ADB00C7005A /* arcbox-desktop-swift */,
				AB0D00062F60000000000001 /* LaunchDaemons */,
				657F657C2F3A2ADB00C7005A /* Products */,
			);
			sourceTree = "<group>";
		};
		657F657C2F3A2ADB00C7005A /* Products */ = {
			isa = PBXGroup;
			children = (
				657F657B2F3A2ADB00C7005A /* ArcBox Desktop.app */,
			);
			name = Products;
			sourceTree = "<group>";
		};
		AB0D00062F60000000000001 /* LaunchDaemons */ = {
			isa = PBXGroup;
			children = (
				AB0D00012F60000000000001 /* io.arcbox.desktop.daemon.plist */,
			);
			path = LaunchDaemons;
			sourceTree = "<group>";
		};
/* End PBXGroup section */

/* Begin PBXNativeTarget section */
		657F657A2F3A2ADB00C7005A /* arcbox-desktop-swift */ = {
			isa = PBXNativeTarget;
			buildConfigurationList = 657F65862F3A2ADD00C7005A /* Build configuration list for PBXNativeTarget "arcbox-desktop-swift" */;
			buildPhases = (
				AB0D00032F60000000000001 /* Build Rust Daemon */,
				657F65772F3A2ADB00C7005A /* Sources */,
				657F65782F3A2ADB00C7005A /* Frameworks */,
				657F65792F3A2ADB00C7005A /* Resources */,
				AB0D00042F60000000000001 /* Copy LaunchDaemon Plist */,
				AB0D00052F60000000000001 /* Sign Rust Daemon */,
			);
			buildRules = (
			);
			dependencies = (
			);
			fileSystemSynchronizedGroups = (
				657F657D2F3A2ADB00C7005A /* arcbox-desktop-swift */,
			);
			name = "arcbox-desktop-swift";
			packageProductDependencies = (
				657F65912F3A2ADB00C7005A /* ArcBoxClient */,
				DC0A11002F4E000000000001 /* DockerClient */,
				DC0B11002F4E000000000001 /* SwiftTerm */,
				65D867EC2F5C228600DAAEE6 /* Sparkle */,
			);
			productName = "arcbox-desktop-swift";
			productReference = 657F657B2F3A2ADB00C7005A /* ArcBox Desktop.app */;
			productType = "com.apple.product-type.application";
		};
/* End PBXNativeTarget section */

/* Begin PBXProject section */
		657F65732F3A2ADB00C7005A /* Project object */ = {
			isa = PBXProject;
			attributes = {
				BuildIndependentTargetsInParallel = 1;
				LastSwiftUpdateCheck = 2620;
				LastUpgradeCheck = 2620;
				TargetAttributes = {
					657F657A2F3A2ADB00C7005A = {
						CreatedOnToolsVersion = 26.2;
					};
				};
			};
			buildConfigurationList = 657F65762F3A2ADB00C7005A /* Build configuration list for PBXProject "arcbox-desktop-swift" */;
			developmentRegion = en;
			hasScannedForEncodings = 0;
			knownRegions = (
				en,
				Base,
			);
			mainGroup = 657F65722F3A2ADB00C7005A;
			minimizedProjectReferenceProxies = 1;
			packageReferences = (
				657F65902F3A2ADB00C7005A /* XCLocalSwiftPackageReference "Packages/ArcBoxClient" */,
				DC0A11022F4E000000000001 /* XCLocalSwiftPackageReference "Packages/DockerClient" */,
				DC0B11022F4E000000000001 /* XCRemoteSwiftPackageReference "SwiftTerm" */,
				65D867EB2F5C228600DAAEE6 /* XCRemoteSwiftPackageReference "Sparkle" */,
			);
			preferredProjectObjectVersion = 77;
			productRefGroup = 657F657C2F3A2ADB00C7005A /* Products */;
			projectDirPath = "";
			projectRoot = "";
			targets = (
				657F657A2F3A2ADB00C7005A /* arcbox-desktop-swift */,
			);
		};
/* End PBXProject section */

/* Begin PBXResourcesBuildPhase section */
		657F65792F3A2ADB00C7005A /* Resources */ = {
			isa = PBXResourcesBuildPhase;
			buildActionMask = 2147483647;
			files = (
			);
			runOnlyForDeploymentPostprocessing = 0;
		};
/* End PBXResourcesBuildPhase section */

/* Begin PBXShellScriptBuildPhase section */
		AB0D00032F60000000000001 /* Build Rust Daemon */ = {
			isa = PBXShellScriptBuildPhase;
			alwaysOutOfDate = 1;
			buildActionMask = 2147483647;
			files = (
			);
			inputPaths = (
			);
			name = "Build Rust Daemon";
			outputPaths = (
			);
			runOnlyForDeploymentPostprocessing = 0;
			shellPath = /bin/bash;
			shellScript = "#!/bin/bash\nset -euo pipefail\n\nRUST_DIR=\"${PROJECT_DIR}/../arcbox\"\nDAEMON_NAME=\"io.arcbox.desktop.daemon\"\n\nif [ \"${CONFIGURATION}\" = \"Release\" ]; then\n    CARGO_FLAGS=\"--release\"; RUST_PROFILE=\"release\"\nelse\n    CARGO_FLAGS=\"\"; RUST_PROFILE=\"debug\"\nfi\n\n# Skip cargo build if pre-built binary already exists (e.g. downloaded from release)\nif [ -f \"${RUST_DIR}/target/${RUST_PROFILE}/arcbox-daemon\" ]; then\n    echo \"note: Using existing arcbox-daemon, skipping cargo build\"\nelse\n    export PATH=\"$HOME/.cargo/bin:$PATH\"\n    cd \"${RUST_DIR}\"\n    cargo build ${CARGO_FLAGS} -p arcbox-daemon\nfi\n\nOUTPUT_DIR=\"${BUILT_PRODUCTS_DIR}/${CONTENTS_FOLDER_PATH}/Helpers\"\nmkdir -p \"${OUTPUT_DIR}\"\ncp -f \"${RUST_DIR}/target/${RUST_PROFILE}/arcbox-daemon\" \"${OUTPUT_DIR}/${DAEMON_NAME}\"\n";
		};
		AB0D00052F60000000000001 /* Sign Rust Daemon */ = {
			isa = PBXShellScriptBuildPhase;
			alwaysOutOfDate = 1;
			buildActionMask = 2147483647;
			files = (
			);
			inputPaths = (
			);
			name = "Sign Rust Daemon";
			outputPaths = (
			);
			runOnlyForDeploymentPostprocessing = 0;
			shellPath = /bin/bash;
			shellScript = "#!/bin/bash\nset -euo pipefail\n\nDAEMON_PATH=\"${BUILT_PRODUCTS_DIR}/${CONTENTS_FOLDER_PATH}/Helpers/io.arcbox.desktop.daemon\"\nENTITLEMENTS=\"${PROJECT_DIR}/arcbox-desktop-swift/DaemonEntitlements.entitlements\"\n\nif [ ! -f \"${DAEMON_PATH}\" ]; then\n    echo \"error: Daemon binary not found at ${DAEMON_PATH}\" >&2\n    exit 1\nfi\n\nif [ -n \"${EXPANDED_CODE_SIGN_IDENTITY:-}\" ] && [ \"${EXPANDED_CODE_SIGN_IDENTITY}\" != \"-\" ]; then\n    codesign --force --options runtime --sign \"${EXPANDED_CODE_SIGN_IDENTITY}\" \\\n        --timestamp --identifier \"io.arcbox.desktop.daemon\" \\\n        --entitlements \"${ENTITLEMENTS}\" \"${DAEMON_PATH}\"\nelse\n    codesign --force --sign - \\\n        --entitlements \"${ENTITLEMENTS}\" \"${DAEMON_PATH}\"\nfi\n";
		};
/* End PBXShellScriptBuildPhase section */

/* Begin PBXSourcesBuildPhase section */
		657F65772F3A2ADB00C7005A /* Sources */ = {
			isa = PBXSourcesBuildPhase;
			buildActionMask = 2147483647;
			files = (
			);
			runOnlyForDeploymentPostprocessing = 0;
		};
/* End PBXSourcesBuildPhase section */

/* Begin XCBuildConfiguration section */
		657F65842F3A2ADD00C7005A /* Debug */ = {
			isa = XCBuildConfiguration;
			baseConfigurationReference = 657F65A02F3A2ADB00C7005A /* Local.xcconfig */;
			buildSettings = {
				ALWAYS_SEARCH_USER_PATHS = NO;
				ASSETCATALOG_COMPILER_GENERATE_SWIFT_ASSET_SYMBOL_EXTENSIONS = YES;
				CLANG_ANALYZER_NONNULL = YES;
				CLANG_ANALYZER_NUMBER_OBJECT_CONVERSION = YES_AGGRESSIVE;
				CLANG_CXX_LANGUAGE_STANDARD = "gnu++20";
				CLANG_ENABLE_MODULES = YES;
				CLANG_ENABLE_OBJC_ARC = YES;
				CLANG_ENABLE_OBJC_WEAK = YES;
				CLANG_WARN_BLOCK_CAPTURE_AUTORELEASING = YES;
				CLANG_WARN_BOOL_CONVERSION = YES;
				CLANG_WARN_COMMA = YES;
				CLANG_WARN_CONSTANT_CONVERSION = YES;
				CLANG_WARN_DEPRECATED_OBJC_IMPLEMENTATIONS = YES;
				CLANG_WARN_DIRECT_OBJC_ISA_USAGE = YES_ERROR;
				CLANG_WARN_DOCUMENTATION_COMMENTS = YES;
				CLANG_WARN_EMPTY_BODY = YES;
				CLANG_WARN_ENUM_CONVERSION = YES;
				CLANG_WARN_INFINITE_RECURSION = YES;
				CLANG_WARN_INT_CONVERSION = YES;
				CLANG_WARN_NON_LITERAL_NULL_CONVERSION = YES;
				CLANG_WARN_OBJC_IMPLICIT_RETAIN_SELF = YES;
				CLANG_WARN_OBJC_LITERAL_CONVERSION = YES;
				CLANG_WARN_OBJC_ROOT_CLASS = YES_ERROR;
				CLANG_WARN_QUOTED_INCLUDE_IN_FRAMEWORK_HEADER = YES;
				CLANG_WARN_RANGE_LOOP_ANALYSIS = YES;
				CLANG_WARN_STRICT_PROTOTYPES = YES;
				CLANG_WARN_SUSPICIOUS_MOVE = YES;
				CLANG_WARN_UNGUARDED_AVAILABILITY = YES_AGGRESSIVE;
				CLANG_WARN_UNREACHABLE_CODE = YES;
				CLANG_WARN__DUPLICATE_METHOD_MATCH = YES;
				COPY_PHASE_STRIP = NO;
				DEBUG_INFORMATION_FORMAT = dwarf;
				DEVELOPMENT_TEAM = 2PGUTUV397;
				ENABLE_STRICT_OBJC_MSGSEND = YES;
				ENABLE_TESTABILITY = YES;
				ENABLE_USER_SCRIPT_SANDBOXING = NO;
				GCC_C_LANGUAGE_STANDARD = gnu17;
				GCC_DYNAMIC_NO_PIC = NO;
				GCC_NO_COMMON_BLOCKS = YES;
				GCC_OPTIMIZATION_LEVEL = 0;
				GCC_PREPROCESSOR_DEFINITIONS = (
					"DEBUG=1",
					"$(inherited)",
				);
				GCC_WARN_64_TO_32_BIT_CONVERSION = YES;
				GCC_WARN_ABOUT_RETURN_TYPE = YES_ERROR;
				GCC_WARN_UNDECLARED_SELECTOR = YES;
				GCC_WARN_UNINITIALIZED_AUTOS = YES_AGGRESSIVE;
				GCC_WARN_UNUSED_FUNCTION = YES;
				GCC_WARN_UNUSED_VARIABLE = YES;
				LOCALIZATION_PREFERS_STRING_CATALOGS = YES;
				MACOSX_DEPLOYMENT_TARGET = 26.2;
				MTL_ENABLE_DEBUG_INFO = INCLUDE_SOURCE;
				MTL_FAST_MATH = YES;
				ONLY_ACTIVE_ARCH = YES;
				SDKROOT = macosx;
				SWIFT_ACTIVE_COMPILATION_CONDITIONS = "DEBUG $(inherited)";
				SWIFT_OPTIMIZATION_LEVEL = "-Onone";
			};
			name = Debug;
		};
		657F65852F3A2ADD00C7005A /* Release */ = {
			isa = XCBuildConfiguration;
			baseConfigurationReference = 657F65A02F3A2ADB00C7005A /* Local.xcconfig */;
			buildSettings = {
				ALWAYS_SEARCH_USER_PATHS = NO;
				ASSETCATALOG_COMPILER_GENERATE_SWIFT_ASSET_SYMBOL_EXTENSIONS = YES;
				CLANG_ANALYZER_NONNULL = YES;
				CLANG_ANALYZER_NUMBER_OBJECT_CONVERSION = YES_AGGRESSIVE;
				CLANG_CXX_LANGUAGE_STANDARD = "gnu++20";
				CLANG_ENABLE_MODULES = YES;
				CLANG_ENABLE_OBJC_ARC = YES;
				CLANG_ENABLE_OBJC_WEAK = YES;
				CLANG_WARN_BLOCK_CAPTURE_AUTORELEASING = YES;
				CLANG_WARN_BOOL_CONVERSION = YES;
				CLANG_WARN_COMMA = YES;
				CLANG_WARN_CONSTANT_CONVERSION = YES;
				CLANG_WARN_DEPRECATED_OBJC_IMPLEMENTATIONS = YES;
				CLANG_WARN_DIRECT_OBJC_ISA_USAGE = YES_ERROR;
				CLANG_WARN_DOCUMENTATION_COMMENTS = YES;
				CLANG_WARN_EMPTY_BODY = YES;
				CLANG_WARN_ENUM_CONVERSION = YES;
				CLANG_WARN_INFINITE_RECURSION = YES;
				CLANG_WARN_INT_CONVERSION = YES;
				CLANG_WARN_NON_LITERAL_NULL_CONVERSION = YES;
				CLANG_WARN_OBJC_IMPLICIT_RETAIN_SELF = YES;
				CLANG_WARN_OBJC_LITERAL_CONVERSION = YES;
				CLANG_WARN_OBJC_ROOT_CLASS = YES_ERROR;
				CLANG_WARN_QUOTED_INCLUDE_IN_FRAMEWORK_HEADER = YES;
				CLANG_WARN_RANGE_LOOP_ANALYSIS = YES;
				CLANG_WARN_STRICT_PROTOTYPES = YES;
				CLANG_WARN_SUSPICIOUS_MOVE = YES;
				CLANG_WARN_UNGUARDED_AVAILABILITY = YES_AGGRESSIVE;
				CLANG_WARN_UNREACHABLE_CODE = YES;
				CLANG_WARN__DUPLICATE_METHOD_MATCH = YES;
				COPY_PHASE_STRIP = NO;
				DEBUG_INFORMATION_FORMAT = "dwarf-with-dsym";
				DEVELOPMENT_TEAM = 2PGUTUV397;
				ENABLE_NS_ASSERTIONS = NO;
				ENABLE_STRICT_OBJC_MSGSEND = YES;
				ENABLE_USER_SCRIPT_SANDBOXING = NO;
				GCC_C_LANGUAGE_STANDARD = gnu17;
				GCC_NO_COMMON_BLOCKS = YES;
				GCC_WARN_64_TO_32_BIT_CONVERSION = YES;
				GCC_WARN_ABOUT_RETURN_TYPE = YES_ERROR;
				GCC_WARN_UNDECLARED_SELECTOR = YES;
				GCC_WARN_UNINITIALIZED_AUTOS = YES_AGGRESSIVE;
				GCC_WARN_UNUSED_FUNCTION = YES;
				GCC_WARN_UNUSED_VARIABLE = YES;
				LOCALIZATION_PREFERS_STRING_CATALOGS = YES;
				MACOSX_DEPLOYMENT_TARGET = 26.2;
				MTL_ENABLE_DEBUG_INFO = NO;
				MTL_FAST_MATH = YES;
				SDKROOT = macosx;
				SWIFT_COMPILATION_MODE = wholemodule;
			};
			name = Release;
		};
		657F65872F3A2ADD00C7005A /* Debug */ = {
			isa = XCBuildConfiguration;
			buildSettings = {
				ASSETCATALOG_COMPILER_APPICON_NAME = AppIcon;
				ASSETCATALOG_COMPILER_GLOBAL_ACCENT_COLOR_NAME = AccentColor;
				AUTOMATION_APPLE_EVENTS = NO;
				"CODE_SIGN_IDENTITY[sdk=macosx*]" = "Apple Development";
				CODE_SIGN_STYLE = Automatic;
				COMBINE_HIDPI_IMAGES = YES;
				CURRENT_PROJECT_VERSION = 1;
				DEVELOPMENT_TEAM = 97698DJKXY;
				ENABLE_APP_SANDBOX = NO;
				ENABLE_HARDENED_RUNTIME = YES;
				ENABLE_PREVIEWS = YES;
				GENERATE_INFOPLIST_FILE = YES;
				INFOPLIST_KEY_CFBundleDisplayName = "ArcBox Desktop";
				INFOPLIST_KEY_CFBundleName = "ArcBox Desktop";
				INFOPLIST_KEY_NSHumanReadableCopyright = "";
				LD_RUNPATH_SEARCH_PATHS = (
					"$(inherited)",
					"@executable_path/../Frameworks",
				);
				MACOSX_DEPLOYMENT_TARGET = 15.0;
				MARKETING_VERSION = 1.0;
				PRODUCT_BUNDLE_IDENTIFIER = "com.arcbox.arcbox-desktop-swift";
				PRODUCT_NAME = "ArcBox Desktop";
				REGISTER_APP_GROUPS = YES;
				RUNTIME_EXCEPTION_ALLOW_DYLD_ENVIRONMENT_VARIABLES = NO;
				RUNTIME_EXCEPTION_ALLOW_JIT = YES;
				RUNTIME_EXCEPTION_ALLOW_UNSIGNED_EXECUTABLE_MEMORY = NO;
				RUNTIME_EXCEPTION_DEBUGGING_TOOL = NO;
				RUNTIME_EXCEPTION_DISABLE_EXECUTABLE_PAGE_PROTECTION = NO;
				RUNTIME_EXCEPTION_DISABLE_LIBRARY_VALIDATION = NO;
				STRING_CATALOG_GENERATE_SYMBOLS = YES;
				SWIFT_APPROACHABLE_CONCURRENCY = YES;
				SWIFT_DEFAULT_ACTOR_ISOLATION = MainActor;
				SWIFT_EMIT_LOC_STRINGS = YES;
				SWIFT_UPCOMING_FEATURE_MEMBER_IMPORT_VISIBILITY = YES;
				SWIFT_VERSION = 5.0;
			};
			name = Debug;
		};
		657F65882F3A2ADD00C7005A /* Release */ = {
			isa = XCBuildConfiguration;
			buildSettings = {
				ASSETCATALOG_COMPILER_APPICON_NAME = AppIcon;
				ASSETCATALOG_COMPILER_GLOBAL_ACCENT_COLOR_NAME = AccentColor;
				AUTOMATION_APPLE_EVENTS = NO;
				"CODE_SIGN_IDENTITY[sdk=macosx*]" = "Apple Development";
				CODE_SIGN_STYLE = Automatic;
				COMBINE_HIDPI_IMAGES = YES;
				CURRENT_PROJECT_VERSION = 1;
				DEVELOPMENT_TEAM = 97698DJKXY;
				ENABLE_APP_SANDBOX = NO;
				ENABLE_HARDENED_RUNTIME = YES;
				ENABLE_PREVIEWS = YES;
				GENERATE_INFOPLIST_FILE = YES;
				INFOPLIST_KEY_CFBundleDisplayName = "ArcBox Desktop";
				INFOPLIST_KEY_CFBundleName = "ArcBox Desktop";
				INFOPLIST_KEY_NSHumanReadableCopyright = "";
				LD_RUNPATH_SEARCH_PATHS = (
					"$(inherited)",
					"@executable_path/../Frameworks",
				);
				MACOSX_DEPLOYMENT_TARGET = 15.0;
				MARKETING_VERSION = 1.0;
				PRODUCT_BUNDLE_IDENTIFIER = "com.arcbox.arcbox-desktop-swift";
				PRODUCT_NAME = "ArcBox Desktop";
				REGISTER_APP_GROUPS = YES;
				RUNTIME_EXCEPTION_ALLOW_DYLD_ENVIRONMENT_VARIABLES = NO;
				RUNTIME_EXCEPTION_ALLOW_JIT = YES;
				RUNTIME_EXCEPTION_ALLOW_UNSIGNED_EXECUTABLE_MEMORY = NO;
				RUNTIME_EXCEPTION_DEBUGGING_TOOL = NO;
				RUNTIME_EXCEPTION_DISABLE_EXECUTABLE_PAGE_PROTECTION = NO;
				RUNTIME_EXCEPTION_DISABLE_LIBRARY_VALIDATION = NO;
				STRING_CATALOG_GENERATE_SYMBOLS = YES;
				SWIFT_APPROACHABLE_CONCURRENCY = YES;
				SWIFT_DEFAULT_ACTOR_ISOLATION = MainActor;
				SWIFT_EMIT_LOC_STRINGS = YES;
				SWIFT_UPCOMING_FEATURE_MEMBER_IMPORT_VISIBILITY = YES;
				SWIFT_VERSION = 5.0;
			};
			name = Release;
		};
/* End XCBuildConfiguration section */

/* Begin XCConfigurationList section */
		657F65762F3A2ADB00C7005A /* Build configuration list for PBXProject "arcbox-desktop-swift" */ = {
			isa = XCConfigurationList;
			buildConfigurations = (
				657F65842F3A2ADD00C7005A /* Debug */,
				657F65852F3A2ADD00C7005A /* Release */,
			);
			defaultConfigurationIsVisible = 0;
			defaultConfigurationName = Release;
		};
		657F65862F3A2ADD00C7005A /* Build configuration list for PBXNativeTarget "arcbox-desktop-swift" */ = {
			isa = XCConfigurationList;
			buildConfigurations = (
				657F65872F3A2ADD00C7005A /* Debug */,
				657F65882F3A2ADD00C7005A /* Release */,
			);
			defaultConfigurationIsVisible = 0;
			defaultConfigurationName = Release;
		};
/* End XCConfigurationList section */

/* Begin XCLocalSwiftPackageReference section */
		657F65902F3A2ADB00C7005A /* XCLocalSwiftPackageReference "Packages/ArcBoxClient" */ = {
			isa = XCLocalSwiftPackageReference;
			relativePath = Packages/ArcBoxClient;
		};
		DC0A11022F4E000000000001 /* XCLocalSwiftPackageReference "Packages/DockerClient" */ = {
			isa = XCLocalSwiftPackageReference;
			relativePath = Packages/DockerClient;
		};
/* End XCLocalSwiftPackageReference section */

/* Begin XCRemoteSwiftPackageReference section */
		65D867EB2F5C228600DAAEE6 /* XCRemoteSwiftPackageReference "Sparkle" */ = {
			isa = XCRemoteSwiftPackageReference;
			repositoryURL = "https://github.com/sparkle-project/Sparkle";
			requirement = {
				kind = upToNextMajorVersion;
				minimumVersion = 2.9.0;
			};
		};
		DC0B11022F4E000000000001 /* XCRemoteSwiftPackageReference "SwiftTerm" */ = {
			isa = XCRemoteSwiftPackageReference;
			repositoryURL = "https://github.com/migueldeicaza/SwiftTerm";
			requirement = {
				kind = upToNextMajorVersion;
				minimumVersion = 1.0.0;
			};
		};
/* End XCRemoteSwiftPackageReference section */

/* Begin XCSwiftPackageProductDependency section */
		657F65912F3A2ADB00C7005A /* ArcBoxClient */ = {
			isa = XCSwiftPackageProductDependency;
			productName = ArcBoxClient;
		};
		65D867EC2F5C228600DAAEE6 /* Sparkle */ = {
			isa = XCSwiftPackageProductDependency;
			package = 65D867EB2F5C228600DAAEE6 /* XCRemoteSwiftPackageReference "Sparkle" */;
			productName = Sparkle;
		};
		DC0A11002F4E000000000001 /* DockerClient */ = {
			isa = XCSwiftPackageProductDependency;
			productName = DockerClient;
		};
		DC0B11002F4E000000000001 /* SwiftTerm */ = {
			isa = XCSwiftPackageProductDependency;
			package = DC0B11022F4E000000000001 /* XCRemoteSwiftPackageReference "SwiftTerm" */;
			productName = SwiftTerm;
		};
/* End XCSwiftPackageProductDependency section */
	};
	rootObject = 657F65732F3A2ADB00C7005A /* Project object */;
}
